
Microsoft Visual Studio Solution File, Format Version 12.00
# Visual Studio Version 17
VisualStudioVersion = 17.2.32630.192
MinimumVisualStudioVersion = 10.0.40219.1
Project("{FAE04EC0-301F-11D3-BF4B-00C04F79EFBC}") = "Notes.Identity", "Notes.Identity\Notes.Identity.csproj", "{2EA67E85-A664-4C95-A8AE-5FA42C154E98}"
EndProject
Global
	GlobalSection(SolutionConfigurationPlatforms) = preSolution
		Debug|Any CPU = Debug|Any CPU
		Release|Any CPU = Release|Any CPU
	EndGlobalSection
	GlobalSection(ProjectConfigurationPlatforms) = postSolution
		{2EA67E85-A664-4C95-A8AE-5FA42C154E98}.Debug|Any CPU.ActiveCfg = Debug|Any CPU
		{2EA67E85-A664-4C95-A8AE-5FA42C154E98}.Debug|Any CPU.Build.0 = Debug|Any CPU
		{2EA67E85-A664-4C95-A8AE-5FA42C154E98}.Release|Any CPU.ActiveCfg = Release|Any CPU
		{2EA67E85-A664-4C95-A8AE-5FA42C154E98}.Release|Any CPU.Build.0 = Release|Any CPU
	EndGlobalSection
	GlobalSection(SolutionProperties) = preSolution
		HideSolutionNode = FALSE
	EndGlobalSection
	GlobalSection(ExtensibilityGlobals) = postSolution
		SolutionGuid = {29E191C9-D3AE-46AC-A7EB-26355BEA1BA6}
	EndGlobalSection
EndGlobal
